PODS:
  - DynamicBlurView (4.0.0)

DEPENDENCIES:
  - DynamicBlurView

SPEC REPOS:
  https://github.com/cocoapods/specs.git:
    - DynamicBlurView

SPEC CHECKSUMS:
  DynamicBlurView: ccf9acd2b20c883cc2c72e3524a04d8d3ee20533

PODFILE CHECKSUM: 6860b3631a2047729f42a6ff32ecf0ea1f1b289b

COCOAPODS: 1.7.2
